
Microsoft Visual Studio Solution File, Format Version 12.00
Project("{FAE04EC0-301F-11D3-BF4B-00C04F79EFBC}") = "Calculator", "Calculator\Calculator.csproj", "{781DD2D7-AA17-4785-99AA-19BB02FBAAE9}"
EndProject
Project("{FAE04EC0-301F-11D3-BF4B-00C04F79EFBC}") = "Test", "Test\Test.csproj", "{6FED40C0-DD5F-4821-A0E2-D647EE9A8032}"
EndProject
Project("{FAE04EC0-301F-11D3-BF4B-00C04F79EFBC}") = "GUI", "GUI\GUI.csproj", "{B4148E00-7037-4937-B0D7-AA8295E9DD5A}"
EndProject
Global
	GlobalSection(SolutionConfigurationPlatforms) = preSolution
		Debug|Any CPU = Debug|Any CPU
		Release|Any CPU = Release|Any CPU
	EndGlobalSection
	GlobalSection(ProjectConfigurationPlatforms) = postSolution
		{781DD2D7-AA17-4785-99AA-19BB02FBAAE9}.Debug|Any CPU.ActiveCfg = Debug|Any CPU
		{781DD2D7-AA17-4785-99AA-19BB02FBAAE9}.Debug|Any CPU.Build.0 = Debug|Any CPU
		{781DD2D7-AA17-4785-99AA-19BB02FBAAE9}.Release|Any CPU.ActiveCfg = Release|Any CPU
		{781DD2D7-AA17-4785-99AA-19BB02FBAAE9}.Release|Any CPU.Build.0 = Release|Any CPU
		{6FED40C0-DD5F-4821-A0E2-D647EE9A8032}.Debug|Any CPU.ActiveCfg = Debug|Any CPU
		{6FED40C0-DD5F-4821-A0E2-D647EE9A8032}.Debug|Any CPU.Build.0 = Debug|Any CPU
		{6FED40C0-DD5F-4821-A0E2-D647EE9A8032}.Release|Any CPU.ActiveCfg = Release|Any CPU
		{6FED40C0-DD5F-4821-A0E2-D647EE9A8032}.Release|Any CPU.Build.0 = Release|Any CPU
		{B4148E00-7037-4937-B0D7-AA8295E9DD5A}.Debug|Any CPU.ActiveCfg = Debug|Any CPU
		{B4148E00-7037-4937-B0D7-AA8295E9DD5A}.Debug|Any CPU.Build.0 = Debug|Any CPU
		{B4148E00-7037-4937-B0D7-AA8295E9DD5A}.Release|Any CPU.ActiveCfg = Release|Any CPU
		{B4148E00-7037-4937-B0D7-AA8295E9DD5A}.Release|Any CPU.Build.0 = Release|Any CPU
	EndGlobalSection
EndGlobal
